
Microsoft Visual Studio Solution File, Format Version 12.00
# Visual Studio Version 17
VisualStudioVersion = 17.5.002.0
MinimumVisualStudioVersion = 10.0.40219.1
Project("{9A19103F-16F7-4668-BE54-9A1E7A4F7556}") = "DotnetAPIOld", "DotnetAPIOld\DotnetAPIOld.csproj", "{CD5194F1-0B83-468F-904F-043015A31A2D}"
EndProject
Project("{9A19103F-16F7-4668-BE54-9A1E7A4F7556}") = "HelloWorld", "SQLSeed\HelloWorld.csproj", "{1FE1B847-36C6-41AC-83E3-6F623EE73379}"
EndProject
Project("{2150E333-8FDC-42A3-9474-1A3956D46DE8}") = "1-Basics", "1-Basics", "{DEB4FDCD-EB61-42DF-900C-6A9B1C9AFA73}"
EndProject
Project("{9A19103F-16F7-4668-BE54-9A1E7A4F7556}") = "HelloWorld", "1-Basics\1-HelloWorld_Start\HelloWorld.csproj", "{5B429BBB-C6CA-4994-82BB-41B1AD928C7F}"
EndProject
Project("{9A19103F-16F7-4668-BE54-9A1E7A4F7556}") = "HelloWorld (1)", "1-Basics\2-HelloWorld_ConsoleWriteLine\HelloWorld.csproj", "{192D7D6A-40FB-4C9F-9A2F-1B3B665D41FE}"
EndProject
Project("{9A19103F-16F7-4668-BE54-9A1E7A4F7556}") = "HelloWorld (2)", "1-Basics\2b-Assignment_ConsoleWriteLine\HelloWorld.csproj", "{1A92E9E2-9C6F-4327-96B5-2EE0EC1FD4DF}"
EndProject
Project("{9A19103F-16F7-4668-BE54-9A1E7A4F7556}") = "HelloWorld (3)", "1-Basics\3-HelloWorld_Variables\HelloWorld.csproj", "{396BEDC9-3F1C-4CBC-854D-4C99033C70ED}"
EndProject
Project("{9A19103F-16F7-4668-BE54-9A1E7A4F7556}") = "HelloWorld (4)", "1-Basics\3b-Assignment_Variables\HelloWorld.csproj", "{3EC74915-73DD-4230-BF50-1828E8070DD2}"
EndProject
Project("{9A19103F-16F7-4668-BE54-9A1E7A4F7556}") = "HelloWorld (5)", "1-Basics\3c-Assignment_DataStructures\HelloWorld.csproj", "{2029C129-5128-4E18-A145-F2058DBB6CBB}"
EndProject
Project("{9A19103F-16F7-4668-BE54-9A1E7A4F7556}") = "HelloWorld (6)", "1-Basics\4-HelloWorld_Operators\HelloWorld.csproj", "{4B385588-980D-44CE-95F8-CB4B118F06DB}"
EndProject
Project("{9A19103F-16F7-4668-BE54-9A1E7A4F7556}") = "HelloWorld (7)", "1-Basics\4b-Assignment_Operators\HelloWorld.csproj", "{F68D3C68-E7F5-4C79-9419-243BB2A5DB1C}"
EndProject
Project("{9A19103F-16F7-4668-BE54-9A1E7A4F7556}") = "HelloWorld (8)", "1-Basics\5-HelloWorld_Conditionals\HelloWorld.csproj", "{13A939C1-9136-481E-AEF0-8E677DA96644}"
EndProject
Project("{9A19103F-16F7-4668-BE54-9A1E7A4F7556}") = "HelloWorld (9)", "1-Basics\5b-Assignment_Conditionals\HelloWorld.csproj", "{8C5E2D7D-14FB-4C1F-B955-CDDC55B100BC}"
EndProject
Project("{9A19103F-16F7-4668-BE54-9A1E7A4F7556}") = "HelloWorld (10)", "1-Basics\6-HelloWorld_Loops\HelloWorld.csproj", "{F26448A5-AC68-4E70-A09D-5EE51B67F744}"
EndProject
Project("{9A19103F-16F7-4668-BE54-9A1E7A4F7556}") = "HelloWorld (11)", "1-Basics\6b-Assignment_Loops\HelloWorld.csproj", "{C144D3FA-9F21-4738-B839-101FD3BB87F4}"
EndProject
Project("{9A19103F-16F7-4668-BE54-9A1E7A4F7556}") = "HelloWorld (12)", "1-Basics\7-HelloWorld_Methods_Arguments_Return\HelloWorld.csproj", "{0630320F-D3BC-4688-B362-7937582D8A46}"
EndProject
Project("{9A19103F-16F7-4668-BE54-9A1E7A4F7556}") = "HelloWorld (13)", "1-Basics\7b-Assignment_Methods\HelloWorld.csproj", "{611B7EDD-C85D-41BA-AA45-3A4795C48816}"
EndProject
Project("{9A19103F-16F7-4668-BE54-9A1E7A4F7556}") = "HelloWorld (14)", "1-Basics\8-HelloWorld_Scope\HelloWorld.csproj", "{82DF4EFA-59F2-4188-A722-266807359A86}"
EndProject
Project("{2150E333-8FDC-42A3-9474-1A3956D46DE8}") = "2-Intermediate", "2-Intermediate", "{378F5D70-BECD-4B16-B66E-93D9A90EB344}"
EndProject
Project("{9A19103F-16F7-4668-BE54-9A1E7A4F7556}") = "HelloWorld", "2-Intermediate\1-HelloWorld_Models\HelloWorld.csproj", "{B972C840-7F8C-4D7A-8939-1E15944C9597}"
EndProject
Project("{9A19103F-16F7-4668-BE54-9A1E7A4F7556}") = "HelloWorld (1)", "2-Intermediate\2-HelloWorld_NameSpaces\HelloWorld.csproj", "{065A193D-55E6-473E-B269-94F731B9216F}"
EndProject
Project("{9A19103F-16F7-4668-BE54-9A1E7A4F7556}") = "HelloWorld (2)", "2-Intermediate\3-HelloWorld_Database\HelloWorld.csproj", "{C9868BED-765E-486C-AD6D-608EF8C7A7C4}"
EndProject
Project("{9A19103F-16F7-4668-BE54-9A1E7A4F7556}") = "HelloWorld (3)", "2-Intermediate\4-HelloWorld_Config\HelloWorld.csproj", "{38B4327C-F326-4E74-9F4A-CDDFAF839871}"
EndProject
Project("{9A19103F-16F7-4668-BE54-9A1E7A4F7556}") = "HelloWorld (4)", "2-Intermediate\5-HelloWorld_Files\HelloWorld.csproj", "{14D97188-C234-4ECB-A149-74B80BFBFDA2}"
EndProject
Project("{9A19103F-16F7-4668-BE54-9A1E7A4F7556}") = "HelloWorld (5)", "2-Intermediate\6-HelloWorld_JSON\HelloWorld.csproj", "{0B98FF40-BED7-4E53-B678-96DD6A3BF2A4}"
EndProject
Project("{9A19103F-16F7-4668-BE54-9A1E7A4F7556}") = "HelloWorld (6)", "2-Intermediate\7-HelloWorld_Mapping\HelloWorld.csproj", "{ECC8F73F-6B85-4915-833D-574A5631E35F}"
EndProject
Project("{2150E333-8FDC-42A3-9474-1A3956D46DE8}") = "3-APIBasics", "3-APIBasics", "{9BB5FECE-A4C8-4CA7-B2BE-CFCC3099BAEA}"
EndProject
Project("{9A19103F-16F7-4668-BE54-9A1E7A4F7556}") = "DotnetAPI", "3-APIBasics\1-DotnetAPI_Start\DotnetAPI.csproj", "{CC918BA2-747B-4569-B68F-3F12EB3282B1}"
EndProject
Project("{9A19103F-16F7-4668-BE54-9A1E7A4F7556}") = "DotnetAPI (1)", "3-APIBasics\2-DotnetAPI_Setup\DotnetAPI.csproj", "{C3EBC5F6-A30B-4827-9D62-5FF9EE5F8E6C}"
EndProject
Project("{9A19103F-16F7-4668-BE54-9A1E7A4F7556}") = "DotnetAPI (2)", "3-APIBasics\3-DotnetAPI_Models\DotnetAPI.csproj", "{15C31471-F435-41E6-B95C-77614647B03C}"
EndProject
Project("{9A19103F-16F7-4668-BE54-9A1E7A4F7556}") = "DotnetAPI (3)", "3-APIBasics\4-DotnetAPI_User\DotnetAPI.csproj", "{1A50FD25-EAA3-4146-B30A-1CB871638C44}"
EndProject
Project("{9A19103F-16F7-4668-BE54-9A1E7A4F7556}") = "DotnetAPI (4)", "3-APIBasics\5-DotnetAPI_EntityFramework\DotnetAPI.csproj", "{C026B2CA-7CAB-493C-AC13-BF8B9083B109}"
EndProject
Project("{9A19103F-16F7-4668-BE54-9A1E7A4F7556}") = "DotnetAPI (5)", "3-APIBasics\6-DotnetAPI_UserPeripherals\DotnetAPI.csproj", "{EF57D62E-059E-4303-B98E-0E00C2C548C1}"
EndProject
Project("{2150E333-8FDC-42A3-9474-1A3956D46DE8}") = "4-APIIntermediate", "4-APIIntermediate", "{0CCB37CD-E67C-4C2D-8B0A-A3C51515A23A}"
EndProject
Project("{9A19103F-16F7-4668-BE54-9A1E7A4F7556}") = "DotnetAPI", "4-APIIntermediate\10-DotnetAPI_Helpers\DotnetAPI.csproj", "{FF1B6E9E-B26F-4D57-AF83-971523519FE5}"
EndProject
Project("{9A19103F-16F7-4668-BE54-9A1E7A4F7556}") = "DotnetAPI (1)", "4-APIIntermediate\11-DotnetAPI_RelatedData\DotnetAPI.csproj", "{36FE3099-7D1B-4B04-9D3F-2B2B29500394}"
EndProject
Project("{9A19103F-16F7-4668-BE54-9A1E7A4F7556}") = "DotnetAPI (2)", "4-APIIntermediate\7-DotnetAPI_Repository\DotnetAPI.csproj", "{5257C256-B866-48F3-A6A5-E8F2B0356E9E}"
EndProject
Project("{9A19103F-16F7-4668-BE54-9A1E7A4F7556}") = "DotnetAPI (3)", "4-APIIntermediate\8-DotnetAPI_Authentication\DotnetAPI.csproj", "{D300B806-FEE1-4F34-AEC3-1FBFABB6071B}"
EndProject
Project("{9A19103F-16F7-4668-BE54-9A1E7A4F7556}") = "DotnetAPI (4)", "4-APIIntermediate\9-DotnetAPI_Authentication2\DotnetAPI.csproj", "{3A045010-5ED7-402F-9A3E-DFEA9F6DE6AD}"
EndProject
Project("{2150E333-8FDC-42A3-9474-1A3956D46DE8}") = "5-APIAdvanced", "5-APIAdvanced", "{F5514023-A8AD-4E62-AA5B-7D2EF02ED619}"
EndProject
Project("{9A19103F-16F7-4668-BE54-9A1E7A4F7556}") = "DotnetAPI", "5-APIAdvanced\12-DotnetAPI_SQLUsers\DotnetAPI.csproj", "{A0818CA2-BD49-425B-8935-15BE57886089}"
EndProject
Project("{9A19103F-16F7-4668-BE54-9A1E7A4F7556}") = "DotnetAPI (1)", "5-APIAdvanced\13-DotnetAPI_SQLPosts\DotnetAPI.csproj", "{54EB66DE-C90D-49CC-9D07-9AFA526439E7}"
EndProject
Project("{9A19103F-16F7-4668-BE54-9A1E7A4F7556}") = "DotnetAPI (2)", "5-APIAdvanced\14-DotnetAPI_SQLAuth\DotnetAPI.csproj", "{3FB620D7-8C57-4F82-B075-E612EFBB495E}"
EndProject
Project("{9A19103F-16F7-4668-BE54-9A1E7A4F7556}") = "DotnetAPI (3)", "5-APIAdvanced\15-DotnetAPI_Cleanup\DotnetAPI.csproj", "{60DDA520-0E87-4EEF-97C6-AF6C36A71B3C}"
EndProject
Project("{9A19103F-16F7-4668-BE54-9A1E7A4F7556}") = "DotnetAPI (4)", "5-APIAdvanced\16-DotnetAPI_ParametersUser\DotnetAPI.csproj", "{537510CC-2EAA-4D65-94FB-C1814BA16129}"
EndProject
Project("{9A19103F-16F7-4668-BE54-9A1E7A4F7556}") = "DotnetAPI (5)", "5-APIAdvanced\17-DotnetAPI_ParametersPosts\DotnetAPI.csproj", "{5485AD3C-5D2C-408E-9CD0-6A8D45F796BE}"
EndProject
Project("{9A19103F-16F7-4668-BE54-9A1E7A4F7556}") = "DotnetAPI (6)", "5-APIAdvanced\18-DotnetAPI_SqlHelper\DotnetAPI.csproj", "{16CA90CD-1D2F-4A4E-863C-84970AFE4C79}"
EndProject
Global
	GlobalSection(SolutionConfigurationPlatforms) = preSolution
		Debug|Any CPU = Debug|Any CPU
		Release|Any CPU = Release|Any CPU
	EndGlobalSection
	GlobalSection(ProjectConfigurationPlatforms) = postSolution
		{CD5194F1-0B83-468F-904F-043015A31A2D}.Debug|Any CPU.ActiveCfg = Debug|Any CPU
		{CD5194F1-0B83-468F-904F-043015A31A2D}.Debug|Any CPU.Build.0 = Debug|Any CPU
		{CD5194F1-0B83-468F-904F-043015A31A2D}.Release|Any CPU.ActiveCfg = Release|Any CPU
		{CD5194F1-0B83-468F-904F-043015A31A2D}.Release|Any CPU.Build.0 = Release|Any CPU
		{1FE1B847-36C6-41AC-83E3-6F623EE73379}.Debug|Any CPU.ActiveCfg = Debug|Any CPU
		{1FE1B847-36C6-41AC-83E3-6F623EE73379}.Debug|Any CPU.Build.0 = Debug|Any CPU
		{1FE1B847-36C6-41AC-83E3-6F623EE73379}.Release|Any CPU.ActiveCfg = Release|Any CPU
		{1FE1B847-36C6-41AC-83E3-6F623EE73379}.Release|Any CPU.Build.0 = Release|Any CPU
		{5B429BBB-C6CA-4994-82BB-41B1AD928C7F}.Debug|Any CPU.ActiveCfg = Debug|Any CPU
		{5B429BBB-C6CA-4994-82BB-41B1AD928C7F}.Debug|Any CPU.Build.0 = Debug|Any CPU
		{5B429BBB-C6CA-4994-82BB-41B1AD928C7F}.Release|Any CPU.ActiveCfg = Release|Any CPU
		{5B429BBB-C6CA-4994-82BB-41B1AD928C7F}.Release|Any CPU.Build.0 = Release|Any CPU
		{192D7D6A-40FB-4C9F-9A2F-1B3B665D41FE}.Debug|Any CPU.ActiveCfg = Debug|Any CPU
		{192D7D6A-40FB-4C9F-9A2F-1B3B665D41FE}.Debug|Any CPU.Build.0 = Debug|Any CPU
		{192D7D6A-40FB-4C9F-9A2F-1B3B665D41FE}.Release|Any CPU.ActiveCfg = Release|Any CPU
		{192D7D6A-40FB-4C9F-9A2F-1B3B665D41FE}.Release|Any CPU.Build.0 = Release|Any CPU
		{1A92E9E2-9C6F-4327-96B5-2EE0EC1FD4DF}.Debug|Any CPU.ActiveCfg = Debug|Any CPU
		{1A92E9E2-9C6F-4327-96B5-2EE0EC1FD4DF}.Debug|Any CPU.Build.0 = Debug|Any CPU
		{1A92E9E2-9C6F-4327-96B5-2EE0EC1FD4DF}.Release|Any CPU.ActiveCfg = Release|Any CPU
		{1A92E9E2-9C6F-4327-96B5-2EE0EC1FD4DF}.Release|Any CPU.Build.0 = Release|Any CPU
		{396BEDC9-3F1C-4CBC-854D-4C99033C70ED}.Debug|Any CPU.ActiveCfg = Debug|Any CPU
		{396BEDC9-3F1C-4CBC-854D-4C99033C70ED}.Debug|Any CPU.Build.0 = Debug|Any CPU
		{396BEDC9-3F1C-4CBC-854D-4C99033C70ED}.Release|Any CPU.ActiveCfg = Release|Any CPU
		{396BEDC9-3F1C-4CBC-854D-4C99033C70ED}.Release|Any CPU.Build.0 = Release|Any CPU
		{3EC74915-73DD-4230-BF50-1828E8070DD2}.Debug|Any CPU.ActiveCfg = Debug|Any CPU
		{3EC74915-73DD-4230-BF50-1828E8070DD2}.Debug|Any CPU.Build.0 = Debug|Any CPU
		{3EC74915-73DD-4230-BF50-1828E8070DD2}.Release|Any CPU.ActiveCfg = Release|Any CPU
		{3EC74915-73DD-4230-BF50-1828E8070DD2}.Release|Any CPU.Build.0 = Release|Any CPU
		{2029C129-5128-4E18-A145-F2058DBB6CBB}.Debug|Any CPU.ActiveCfg = Debug|Any CPU
		{2029C129-5128-4E18-A145-F2058DBB6CBB}.Debug|Any CPU.Build.0 = Debug|Any CPU
		{2029C129-5128-4E18-A145-F2058DBB6CBB}.Release|Any CPU.ActiveCfg = Release|Any CPU
		{2029C129-5128-4E18-A145-F2058DBB6CBB}.Release|Any CPU.Build.0 = Release|Any CPU
		{4B385588-980D-44CE-95F8-CB4B118F06DB}.Debug|Any CPU.ActiveCfg = Debug|Any CPU
		{4B385588-980D-44CE-95F8-CB4B118F06DB}.Debug|Any CPU.Build.0 = Debug|Any CPU
		{4B385588-980D-44CE-95F8-CB4B118F06DB}.Release|Any CPU.ActiveCfg = Release|Any CPU
		{4B385588-980D-44CE-95F8-CB4B118F06DB}.Release|Any CPU.Build.0 = Release|Any CPU
		{F68D3C68-E7F5-4C79-9419-243BB2A5DB1C}.Debug|Any CPU.ActiveCfg = Debug|Any CPU
		{F68D3C68-E7F5-4C79-9419-243BB2A5DB1C}.Debug|Any CPU.Build.0 = Debug|Any CPU
		{F68D3C68-E7F5-4C79-9419-243BB2A5DB1C}.Release|Any CPU.ActiveCfg = Release|Any CPU
		{F68D3C68-E7F5-4C79-9419-243BB2A5DB1C}.Release|Any CPU.Build.0 = Release|Any CPU
		{13A939C1-9136-481E-AEF0-8E677DA96644}.Debug|Any CPU.ActiveCfg = Debug|Any CPU
		{13A939C1-9136-481E-AEF0-8E677DA96644}.Debug|Any CPU.Build.0 = Debug|Any CPU
		{13A939C1-9136-481E-AEF0-8E677DA96644}.Release|Any CPU.ActiveCfg = Release|Any CPU
		{13A939C1-9136-481E-AEF0-8E677DA96644}.Release|Any CPU.Build.0 = Release|Any CPU
		{8C5E2D7D-14FB-4C1F-B955-CDDC55B100BC}.Debug|Any CPU.ActiveCfg = Debug|Any CPU
		{8C5E2D7D-14FB-4C1F-B955-CDDC55B100BC}.Debug|Any CPU.Build.0 = Debug|Any CPU
		{8C5E2D7D-14FB-4C1F-B955-CDDC55B100BC}.Release|Any CPU.ActiveCfg = Release|Any CPU
		{8C5E2D7D-14FB-4C1F-B955-CDDC55B100BC}.Release|Any CPU.Build.0 = Release|Any CPU
		{F26448A5-AC68-4E70-A09D-5EE51B67F744}.Debug|Any CPU.ActiveCfg = Debug|Any CPU
		{F26448A5-AC68-4E70-A09D-5EE51B67F744}.Debug|Any CPU.Build.0 = Debug|Any CPU
		{F26448A5-AC68-4E70-A09D-5EE51B67F744}.Release|Any CPU.ActiveCfg = Release|Any CPU
		{F26448A5-AC68-4E70-A09D-5EE51B67F744}.Release|Any CPU.Build.0 = Release|Any CPU
		{C144D3FA-9F21-4738-B839-101FD3BB87F4}.Debug|Any CPU.ActiveCfg = Debug|Any CPU
		{C144D3FA-9F21-4738-B839-101FD3BB87F4}.Debug|Any CPU.Build.0 = Debug|Any CPU
		{C144D3FA-9F21-4738-B839-101FD3BB87F4}.Release|Any CPU.ActiveCfg = Release|Any CPU
		{C144D3FA-9F21-4738-B839-101FD3BB87F4}.Release|Any CPU.Build.0 = Release|Any CPU
		{0630320F-D3BC-4688-B362-7937582D8A46}.Debug|Any CPU.ActiveCfg = Debug|Any CPU
		{0630320F-D3BC-4688-B362-7937582D8A46}.Debug|Any CPU.Build.0 = Debug|Any CPU
		{0630320F-D3BC-4688-B362-7937582D8A46}.Release|Any CPU.ActiveCfg = Release|Any CPU
		{0630320F-D3BC-4688-B362-7937582D8A46}.Release|Any CPU.Build.0 = Release|Any CPU
		{611B7EDD-C85D-41BA-AA45-3A4795C48816}.Debug|Any CPU.ActiveCfg = Debug|Any CPU
		{611B7EDD-C85D-41BA-AA45-3A4795C48816}.Debug|Any CPU.Build.0 = Debug|Any CPU
		{611B7EDD-C85D-41BA-AA45-3A4795C48816}.Release|Any CPU.ActiveCfg = Release|Any CPU
		{611B7EDD-C85D-41BA-AA45-3A4795C48816}.Release|Any CPU.Build.0 = Release|Any CPU
		{82DF4EFA-59F2-4188-A722-266807359A86}.Debug|Any CPU.ActiveCfg = Debug|Any CPU
		{82DF4EFA-59F2-4188-A722-266807359A86}.Debug|Any CPU.Build.0 = Debug|Any CPU
		{82DF4EFA-59F2-4188-A722-266807359A86}.Release|Any CPU.ActiveCfg = Release|Any CPU
		{82DF4EFA-59F2-4188-A722-266807359A86}.Release|Any CPU.Build.0 = Release|Any CPU
		{B972C840-7F8C-4D7A-8939-1E15944C9597}.Debug|Any CPU.ActiveCfg = Debug|Any CPU
		{B972C840-7F8C-4D7A-8939-1E15944C9597}.Debug|Any CPU.Build.0 = Debug|Any CPU
		{B972C840-7F8C-4D7A-8939-1E15944C9597}.Release|Any CPU.ActiveCfg = Release|Any CPU
		{B972C840-7F8C-4D7A-8939-1E15944C9597}.Release|Any CPU.Build.0 = Release|Any CPU
		{065A193D-55E6-473E-B269-94F731B9216F}.Debug|Any CPU.ActiveCfg = Debug|Any CPU
		{065A193D-55E6-473E-B269-94F731B9216F}.Debug|Any CPU.Build.0 = Debug|Any CPU
		{065A193D-55E6-473E-B269-94F731B9216F}.Release|Any CPU.ActiveCfg = Release|Any CPU
		{065A193D-55E6-473E-B269-94F731B9216F}.Release|Any CPU.Build.0 = Release|Any CPU
		{C9868BED-765E-486C-AD6D-608EF8C7A7C4}.Debug|Any CPU.ActiveCfg = Debug|Any CPU
		{C9868BED-765E-486C-AD6D-608EF8C7A7C4}.Debug|Any CPU.Build.0 = Debug|Any CPU
		{C9868BED-765E-486C-AD6D-608EF8C7A7C4}.Release|Any CPU.ActiveCfg = Release|Any CPU
		{C9868BED-765E-486C-AD6D-608EF8C7A7C4}.Release|Any CPU.Build.0 = Release|Any CPU
		{38B4327C-F326-4E74-9F4A-CDDFAF839871}.Debug|Any CPU.ActiveCfg = Debug|Any CPU
		{38B4327C-F326-4E74-9F4A-CDDFAF839871}.Debug|Any CPU.Build.0 = Debug|Any CPU
		{38B4327C-F326-4E74-9F4A-CDDFAF839871}.Release|Any CPU.ActiveCfg = Release|Any CPU
		{38B4327C-F326-4E74-9F4A-CDDFAF839871}.Release|Any CPU.Build.0 = Release|Any CPU
		{14D97188-C234-4ECB-A149-74B80BFBFDA2}.Debug|Any CPU.ActiveCfg = Debug|Any CPU
		{14D97188-C234-4ECB-A149-74B80BFBFDA2}.Debug|Any CPU.Build.0 = Debug|Any CPU
		{14D97188-C234-4ECB-A149-74B80BFBFDA2}.Release|Any CPU.ActiveCfg = Release|Any CPU
		{14D97188-C234-4ECB-A149-74B80BFBFDA2}.Release|Any CPU.Build.0 = Release|Any CPU
		{0B98FF40-BED7-4E53-B678-96DD6A3BF2A4}.Debug|Any CPU.ActiveCfg = Debug|Any CPU
		{0B98FF40-BED7-4E53-B678-96DD6A3BF2A4}.Debug|Any CPU.Build.0 = Debug|Any CPU
		{0B98FF40-BED7-4E53-B678-96DD6A3BF2A4}.Release|Any CPU.ActiveCfg = Release|Any CPU
		{0B98FF40-BED7-4E53-B678-96DD6A3BF2A4}.Release|Any CPU.Build.0 = Release|Any CPU
		{ECC8F73F-6B85-4915-833D-574A5631E35F}.Debug|Any CPU.ActiveCfg = Debug|Any CPU
		{ECC8F73F-6B85-4915-833D-574A5631E35F}.Debug|Any CPU.Build.0 = Debug|Any CPU
		{ECC8F73F-6B85-4915-833D-574A5631E35F}.Release|Any CPU.ActiveCfg = Release|Any CPU
		{ECC8F73F-6B85-4915-833D-574A5631E35F}.Release|Any CPU.Build.0 = Release|Any CPU
		{CC918BA2-747B-4569-B68F-3F12EB3282B1}.Debug|Any CPU.ActiveCfg = Debug|Any CPU
		{CC918BA2-747B-4569-B68F-3F12EB3282B1}.Debug|Any CPU.Build.0 = Debug|Any CPU
		{CC918BA2-747B-4569-B68F-3F12EB3282B1}.Release|Any CPU.ActiveCfg = Release|Any CPU
		{CC918BA2-747B-4569-B68F-3F12EB3282B1}.Release|Any CPU.Build.0 = Release|Any CPU
		{C3EBC5F6-A30B-4827-9D62-5FF9EE5F8E6C}.Debug|Any CPU.ActiveCfg = Debug|Any CPU
		{C3EBC5F6-A30B-4827-9D62-5FF9EE5F8E6C}.Debug|Any CPU.Build.0 = Debug|Any CPU
		{C3EBC5F6-A30B-4827-9D62-5FF9EE5F8E6C}.Release|Any CPU.ActiveCfg = Release|Any CPU
		{C3EBC5F6-A30B-4827-9D62-5FF9EE5F8E6C}.Release|Any CPU.Build.0 = Release|Any CPU
		{15C31471-F435-41E6-B95C-77614647B03C}.Debug|Any CPU.ActiveCfg = Debug|Any CPU
		{15C31471-F435-41E6-B95C-77614647B03C}.Debug|Any CPU.Build.0 = Debug|Any CPU
		{15C31471-F435-41E6-B95C-77614647B03C}.Release|Any CPU.ActiveCfg = Release|Any CPU
		{15C31471-F435-41E6-B95C-77614647B03C}.Release|Any CPU.Build.0 = Release|Any CPU
		{1A50FD25-EAA3-4146-B30A-1CB871638C44}.Debug|Any CPU.ActiveCfg = Debug|Any CPU
		{1A50FD25-EAA3-4146-B30A-1CB871638C44}.Debug|Any CPU.Build.0 = Debug|Any CPU
		{1A50FD25-EAA3-4146-B30A-1CB871638C44}.Release|Any CPU.ActiveCfg = Release|Any CPU
		{1A50FD25-EAA3-4146-B30A-1CB871638C44}.Release|Any CPU.Build.0 = Release|Any CPU
		{C026B2CA-7CAB-493C-AC13-BF8B9083B109}.Debug|Any CPU.ActiveCfg = Debug|Any CPU
		{C026B2CA-7CAB-493C-AC13-BF8B9083B109}.Debug|Any CPU.Build.0 = Debug|Any CPU
		{C026B2CA-7CAB-493C-AC13-BF8B9083B109}.Release|Any CPU.ActiveCfg = Release|Any CPU
		{C026B2CA-7CAB-493C-AC13-BF8B9083B109}.Release|Any CPU.Build.0 = Release|Any CPU
		{EF57D62E-059E-4303-B98E-0E00C2C548C1}.Debug|Any CPU.ActiveCfg = Debug|Any CPU
		{EF57D62E-059E-4303-B98E-0E00C2C548C1}.Debug|Any CPU.Build.0 = Debug|Any CPU
		{EF57D62E-059E-4303-B98E-0E00C2C548C1}.Release|Any CPU.ActiveCfg = Release|Any CPU
		{EF57D62E-059E-4303-B98E-0E00C2C548C1}.Release|Any CPU.Build.0 = Release|Any CPU
		{FF1B6E9E-B26F-4D57-AF83-971523519FE5}.Debug|Any CPU.ActiveCfg = Debug|Any CPU
		{FF1B6E9E-B26F-4D57-AF83-971523519FE5}.Debug|Any CPU.Build.0 = Debug|Any CPU
		{FF1B6E9E-B26F-4D57-AF83-971523519FE5}.Release|Any CPU.ActiveCfg = Release|Any CPU
		{FF1B6E9E-B26F-4D57-AF83-971523519FE5}.Release|Any CPU.Build.0 = Release|Any CPU
		{36FE3099-7D1B-4B04-9D3F-2B2B29500394}.Debug|Any CPU.ActiveCfg = Debug|Any CPU
		{36FE3099-7D1B-4B04-9D3F-2B2B29500394}.Debug|Any CPU.Build.0 = Debug|Any CPU
		{36FE3099-7D1B-4B04-9D3F-2B2B29500394}.Release|Any CPU.ActiveCfg = Release|Any CPU
		{36FE3099-7D1B-4B04-9D3F-2B2B29500394}.Release|Any CPU.Build.0 = Release|Any CPU
		{5257C256-B866-48F3-A6A5-E8F2B0356E9E}.Debug|Any CPU.ActiveCfg = Debug|Any CPU
		{5257C256-B866-48F3-A6A5-E8F2B0356E9E}.Debug|Any CPU.Build.0 = Debug|Any CPU
		{5257C256-B866-48F3-A6A5-E8F2B0356E9E}.Release|Any CPU.ActiveCfg = Release|Any CPU
		{5257C256-B866-48F3-A6A5-E8F2B0356E9E}.Release|Any CPU.Build.0 = Release|Any CPU
		{D300B806-FEE1-4F34-AEC3-1FBFABB6071B}.Debug|Any CPU.ActiveCfg = Debug|Any CPU
		{D300B806-FEE1-4F34-AEC3-1FBFABB6071B}.Debug|Any CPU.Build.0 = Debug|Any CPU
		{D300B806-FEE1-4F34-AEC3-1FBFABB6071B}.Release|Any CPU.ActiveCfg = Release|Any CPU
		{D300B806-FEE1-4F34-AEC3-1FBFABB6071B}.Release|Any CPU.Build.0 = Release|Any CPU
		{3A045010-5ED7-402F-9A3E-DFEA9F6DE6AD}.Debug|Any CPU.ActiveCfg = Debug|Any CPU
		{3A045010-5ED7-402F-9A3E-DFEA9F6DE6AD}.Debug|Any CPU.Build.0 = Debug|Any CPU
		{3A045010-5ED7-402F-9A3E-DFEA9F6DE6AD}.Release|Any CPU.ActiveCfg = Release|Any CPU
		{3A045010-5ED7-402F-9A3E-DFEA9F6DE6AD}.Release|Any CPU.Build.0 = Release|Any CPU
		{A0818CA2-BD49-425B-8935-15BE57886089}.Debug|Any CPU.ActiveCfg = Debug|Any CPU
		{A0818CA2-BD49-425B-8935-15BE57886089}.Debug|Any CPU.Build.0 = Debug|Any CPU
		{A0818CA2-BD49-425B-8935-15BE57886089}.Release|Any CPU.ActiveCfg = Release|Any CPU
		{A0818CA2-BD49-425B-8935-15BE57886089}.Release|Any CPU.Build.0 = Release|Any CPU
		{54EB66DE-C90D-49CC-9D07-9AFA526439E7}.Debug|Any CPU.ActiveCfg = Debug|Any CPU
		{54EB66DE-C90D-49CC-9D07-9AFA526439E7}.Debug|Any CPU.Build.0 = Debug|Any CPU
		{54EB66DE-C90D-49CC-9D07-9AFA526439E7}.Release|Any CPU.ActiveCfg = Release|Any CPU
		{54EB66DE-C90D-49CC-9D07-9AFA526439E7}.Release|Any CPU.Build.0 = Release|Any CPU
		{3FB620D7-8C57-4F82-B075-E612EFBB495E}.Debug|Any CPU.ActiveCfg = Debug|Any CPU
		{3FB620D7-8C57-4F82-B075-E612EFBB495E}.Debug|Any CPU.Build.0 = Debug|Any CPU
		{3FB620D7-8C57-4F82-B075-E612EFBB495E}.Release|Any CPU.ActiveCfg = Release|Any CPU
		{3FB620D7-8C57-4F82-B075-E612EFBB495E}.Release|Any CPU.Build.0 = Release|Any CPU
		{60DDA520-0E87-4EEF-97C6-AF6C36A71B3C}.Debug|Any CPU.ActiveCfg = Debug|Any CPU
		{60DDA520-0E87-4EEF-97C6-AF6C36A71B3C}.Debug|Any CPU.Build.0 = Debug|Any CPU
		{60DDA520-0E87-4EEF-97C6-AF6C36A71B3C}.Release|Any CPU.ActiveCfg = Release|Any CPU
		{60DDA520-0E87-4EEF-97C6-AF6C36A71B3C}.Release|Any CPU.Build.0 = Release|Any CPU
		{537510CC-2EAA-4D65-94FB-C1814BA16129}.Debug|Any CPU.ActiveCfg = Debug|Any CPU
		{537510CC-2EAA-4D65-94FB-C1814BA16129}.Debug|Any CPU.Build.0 = Debug|Any CPU
		{537510CC-2EAA-4D65-94FB-C1814BA16129}.Release|Any CPU.ActiveCfg = Release|Any CPU
		{537510CC-2EAA-4D65-94FB-C1814BA16129}.Release|Any CPU.Build.0 = Release|Any CPU
		{5485AD3C-5D2C-408E-9CD0-6A8D45F796BE}.Debug|Any CPU.ActiveCfg = Debug|Any CPU
		{5485AD3C-5D2C-408E-9CD0-6A8D45F796BE}.Debug|Any CPU.Build.0 = Debug|Any CPU
		{5485AD3C-5D2C-408E-9CD0-6A8D45F796BE}.Release|Any CPU.ActiveCfg = Release|Any CPU
		{5485AD3C-5D2C-408E-9CD0-6A8D45F796BE}.Release|Any CPU.Build.0 = Release|Any CPU
		{16CA90CD-1D2F-4A4E-863C-84970AFE4C79}.Debug|Any CPU.ActiveCfg = Debug|Any CPU
		{16CA90CD-1D2F-4A4E-863C-84970AFE4C79}.Debug|Any CPU.Build.0 = Debug|Any CPU
		{16CA90CD-1D2F-4A4E-863C-84970AFE4C79}.Release|Any CPU.ActiveCfg = Release|Any CPU
		{16CA90CD-1D2F-4A4E-863C-84970AFE4C79}.Release|Any CPU.Build.0 = Release|Any CPU
	EndGlobalSection
	GlobalSection(SolutionProperties) = preSolution
		HideSolutionNode = FALSE
	EndGlobalSection
	GlobalSection(NestedProjects) = preSolution
		{5B429BBB-C6CA-4994-82BB-41B1AD928C7F} = {DEB4FDCD-EB61-42DF-900C-6A9B1C9AFA73}
		{192D7D6A-40FB-4C9F-9A2F-1B3B665D41FE} = {DEB4FDCD-EB61-42DF-900C-6A9B1C9AFA73}
		{1A92E9E2-9C6F-4327-96B5-2EE0EC1FD4DF} = {DEB4FDCD-EB61-42DF-900C-6A9B1C9AFA73}
		{396BEDC9-3F1C-4CBC-854D-4C99033C70ED} = {DEB4FDCD-EB61-42DF-900C-6A9B1C9AFA73}
		{3EC74915-73DD-4230-BF50-1828E8070DD2} = {DEB4FDCD-EB61-42DF-900C-6A9B1C9AFA73}
		{2029C129-5128-4E18-A145-F2058DBB6CBB} = {DEB4FDCD-EB61-42DF-900C-6A9B1C9AFA73}
		{4B385588-980D-44CE-95F8-CB4B118F06DB} = {DEB4FDCD-EB61-42DF-900C-6A9B1C9AFA73}
		{F68D3C68-E7F5-4C79-9419-243BB2A5DB1C} = {DEB4FDCD-EB61-42DF-900C-6A9B1C9AFA73}
		{13A939C1-9136-481E-AEF0-8E677DA96644} = {DEB4FDCD-EB61-42DF-900C-6A9B1C9AFA73}
		{8C5E2D7D-14FB-4C1F-B955-CDDC55B100BC} = {DEB4FDCD-EB61-42DF-900C-6A9B1C9AFA73}
		{F26448A5-AC68-4E70-A09D-5EE51B67F744} = {DEB4FDCD-EB61-42DF-900C-6A9B1C9AFA73}
		{C144D3FA-9F21-4738-B839-101FD3BB87F4} = {DEB4FDCD-EB61-42DF-900C-6A9B1C9AFA73}
		{0630320F-D3BC-4688-B362-7937582D8A46} = {DEB4FDCD-EB61-42DF-900C-6A9B1C9AFA73}
		{611B7EDD-C85D-41BA-AA45-3A4795C48816} = {DEB4FDCD-EB61-42DF-900C-6A9B1C9AFA73}
		{82DF4EFA-59F2-4188-A722-266807359A86} = {DEB4FDCD-EB61-42DF-900C-6A9B1C9AFA73}
		{B972C840-7F8C-4D7A-8939-1E15944C9597} = {378F5D70-BECD-4B16-B66E-93D9A90EB344}
		{065A193D-55E6-473E-B269-94F731B9216F} = {378F5D70-BECD-4B16-B66E-93D9A90EB344}
		{C9868BED-765E-486C-AD6D-608EF8C7A7C4} = {378F5D70-BECD-4B16-B66E-93D9A90EB344}
		{38B4327C-F326-4E74-9F4A-CDDFAF839871} = {378F5D70-BECD-4B16-B66E-93D9A90EB344}
		{14D97188-C234-4ECB-A149-74B80BFBFDA2} = {378F5D70-BECD-4B16-B66E-93D9A90EB344}
		{0B98FF40-BED7-4E53-B678-96DD6A3BF2A4} = {378F5D70-BECD-4B16-B66E-93D9A90EB344}
		{ECC8F73F-6B85-4915-833D-574A5631E35F} = {378F5D70-BECD-4B16-B66E-93D9A90EB344}
		{CC918BA2-747B-4569-B68F-3F12EB3282B1} = {9BB5FECE-A4C8-4CA7-B2BE-CFCC3099BAEA}
		{C3EBC5F6-A30B-4827-9D62-5FF9EE5F8E6C} = {9BB5FECE-A4C8-4CA7-B2BE-CFCC3099BAEA}
		{15C31471-F435-41E6-B95C-77614647B03C} = {9BB5FECE-A4C8-4CA7-B2BE-CFCC3099BAEA}
		{1A50FD25-EAA3-4146-B30A-1CB871638C44} = {9BB5FECE-A4C8-4CA7-B2BE-CFCC3099BAEA}
		{C026B2CA-7CAB-493C-AC13-BF8B9083B109} = {9BB5FECE-A4C8-4CA7-B2BE-CFCC3099BAEA}
		{EF57D62E-059E-4303-B98E-0E00C2C548C1} = {9BB5FECE-A4C8-4CA7-B2BE-CFCC3099BAEA}
		{FF1B6E9E-B26F-4D57-AF83-971523519FE5} = {0CCB37CD-E67C-4C2D-8B0A-A3C51515A23A}
		{36FE3099-7D1B-4B04-9D3F-2B2B29500394} = {0CCB37CD-E67C-4C2D-8B0A-A3C51515A23A}
		{5257C256-B866-48F3-A6A5-E8F2B0356E9E} = {0CCB37CD-E67C-4C2D-8B0A-A3C51515A23A}
		{D300B806-FEE1-4F34-AEC3-1FBFABB6071B} = {0CCB37CD-E67C-4C2D-8B0A-A3C51515A23A}
		{3A045010-5ED7-402F-9A3E-DFEA9F6DE6AD} = {0CCB37CD-E67C-4C2D-8B0A-A3C51515A23A}
		{A0818CA2-BD49-425B-8935-15BE57886089} = {F5514023-A8AD-4E62-AA5B-7D2EF02ED619}
		{54EB66DE-C90D-49CC-9D07-9AFA526439E7} = {F5514023-A8AD-4E62-AA5B-7D2EF02ED619}
		{3FB620D7-8C57-4F82-B075-E612EFBB495E} = {F5514023-A8AD-4E62-AA5B-7D2EF02ED619}
		{60DDA520-0E87-4EEF-97C6-AF6C36A71B3C} = {F5514023-A8AD-4E62-AA5B-7D2EF02ED619}
		{537510CC-2EAA-4D65-94FB-C1814BA16129} = {F5514023-A8AD-4E62-AA5B-7D2EF02ED619}
		{5485AD3C-5D2C-408E-9CD0-6A8D45F796BE} = {F5514023-A8AD-4E62-AA5B-7D2EF02ED619}
		{16CA90CD-1D2F-4A4E-863C-84970AFE4C79} = {F5514023-A8AD-4E62-AA5B-7D2EF02ED619}
	EndGlobalSection
	GlobalSection(ExtensibilityGlobals) = postSolution
		SolutionGuid = {BD73EA79-2358-4A02-BCBE-CB76483A230A}
	EndGlobalSection
EndGlobal
